// !$*UTF8*$!
{
	archiveVersion = 1;
	classes = {
	};
	objectVersion = 55;
	objects = {

/* Begin PBXBuildFile section */
		E2551DD5289A9B220064C0F7 /* AppDelegate.swift in Sources */ = {isa = PBXBuildFile; fileRef = E2551DD4289A9B220064C0F7 /* AppDelegate.swift */; };
		E2551DD7289A9B220064C0F7 /* SceneDelegate.swift in Sources */ = {isa = PBXBuildFile; fileRef = E2551DD6289A9B220064C0F7 /* SceneDelegate.swift */; };
		E2551DD9289A9B220064C0F7 /* ViewController.swift in Sources */ = {isa = PBXBuildFile; fileRef = E2551DD8289A9B220064C0F7 /* ViewController.swift */; };
		E2551DDC289A9B220064C0F7 /* Main.storyboard in Resources */ = {isa = PBXBuildFile; fileRef = E2551DDA289A9B220064C0F7 /* Main.storyboard */; };
		E2551DDE289A9B220064C0F7 /* Assets.xcassets in Resources */ = {isa = PBXBuildFile; fileRef = E2551DDD289A9B220064C0F7 /* Assets.xcassets */; };
		E2551DE1289A9B220064C0F7 /* LaunchScreen.storyboard in Resources */ = {isa = PBXBuildFile; fileRef = E2551DDF289A9B220064C0F7 /* LaunchScreen.storyboard */; };
		E2551DEC289A9B220064C0F7 /* lydiaTests.swift in Sources */ = {isa = PBXBuildFile; fileRef = E2551DEB289A9B220064C0F7 /* lydiaTests.swift */; };
		E2551DF6289A9B230064C0F7 /* lydiaUITests.swift in Sources */ = {isa = PBXBuildFile; fileRef = E2551DF5289A9B230064C0F7 /* lydiaUITests.swift */; };
		E2551DF8289A9B230064C0F7 /* lydiaUITestsLaunchTests.swift in Sources */ = {isa = PBXBuildFile; fileRef = E2551DF7289A9B230064C0F7 /* lydiaUITestsLaunchTests.swift */; };
		E2551E0A289A9C2C0064C0F7 /* User.swift in Sources */ = {isa = PBXBuildFile; fileRef = E2551E09289A9C2C0064C0F7 /* User.swift */; };
		E2551E0C289A9C6D0064C0F7 /* Login.swift in Sources */ = {isa = PBXBuildFile; fileRef = E2551E0B289A9C6D0064C0F7 /* Login.swift */; };
		E2551E0E289A9D5B0064C0F7 /* Location.swift in Sources */ = {isa = PBXBuildFile; fileRef = E2551E0D289A9D5B0064C0F7 /* Location.swift */; };
		E2551E10289A9D7C0064C0F7 /* Name.swift in Sources */ = {isa = PBXBuildFile; fileRef = E2551E0F289A9D7C0064C0F7 /* Name.swift */; };
		E2551E12289A9D9B0064C0F7 /* Picture.swift in Sources */ = {isa = PBXBuildFile; fileRef = E2551E11289A9D9B0064C0F7 /* Picture.swift */; };
		E2551E14289A9DB80064C0F7 /* Dob.swift in Sources */ = {isa = PBXBuildFile; fileRef = E2551E13289A9DB80064C0F7 /* Dob.swift */; };
		E2551E16289A9DCF0064C0F7 /* Id.swift in Sources */ = {isa = PBXBuildFile; fileRef = E2551E15289A9DCF0064C0F7 /* Id.swift */; };
		E2551E18289AA5810064C0F7 /* Contact.swift in Sources */ = {isa = PBXBuildFile; fileRef = E2551E17289AA5810064C0F7 /* Contact.swift */; };
		E2551E1A289BC5AD0064C0F7 /* NetworkError.swift in Sources */ = {isa = PBXBuildFile; fileRef = E2551E19289BC5AD0064C0F7 /* NetworkError.swift */; };
		E2551E1D289BC8100064C0F7 /* NetworkRouter.swift in Sources */ = {isa = PBXBuildFile; fileRef = E2551E1C289BC8100064C0F7 /* NetworkRouter.swift */; };
		E2551E1F289BC8370064C0F7 /* UserServiceProvider.swift in Sources */ = {isa = PBXBuildFile; fileRef = E2551E1E289BC8370064C0F7 /* UserServiceProvider.swift */; };
		E2551E21289BC9200064C0F7 /* URLSessionServiceProvider.swift in Sources */ = {isa = PBXBuildFile; fileRef = E2551E20289BC9200064C0F7 /* URLSessionServiceProvider.swift */; };
		E2551E23289BCB1D0064C0F7 /* ServiceProviderProtocols.swift in Sources */ = {isa = PBXBuildFile; fileRef = E2551E22289BCB1D0064C0F7 /* ServiceProviderProtocols.swift */; };
		E2551E77289BD99D0064C0F7 /* UserRouter.swift in Sources */ = {isa = PBXBuildFile; fileRef = E2551E76289BD99D0064C0F7 /* UserRouter.swift */; };
		E27AF4F8289BFE1000CDAAF1 /* NetworkRouterTests.swift in Sources */ = {isa = PBXBuildFile; fileRef = E27AF4F7289BFE1000CDAAF1 /* NetworkRouterTests.swift */; };
		E2E86F36289D578B00E28EFB /* ContactMapper.swift in Sources */ = {isa = PBXBuildFile; fileRef = E2E86F35289D578B00E28EFB /* ContactMapper.swift */; };
/* End PBXBuildFile section */

/* Begin PBXContainerItemProxy section */
		E2551DE8289A9B220064C0F7 /* PBXContainerItemProxy */ = {
			isa = PBXContainerItemProxy;
			containerPortal = E2551DC9289A9B220064C0F7 /* Project object */;
			proxyType = 1;
			remoteGlobalIDString = E2551DD0289A9B220064C0F7;
			remoteInfo = lydia;
		};
		E2551DF2289A9B230064C0F7 /* PBXContainerItemProxy */ = {
			isa = PBXContainerItemProxy;
			containerPortal = E2551DC9289A9B220064C0F7 /* Project object */;
			proxyType = 1;
			remoteGlobalIDString = E2551DD0289A9B220064C0F7;
			remoteInfo = lydia;
		};
/* End PBXContainerItemProxy section */

/* Begin PBXFileReference section */
		E23099FF289D657B00043D8D /* AppDelegate.swift */ = {isa = PBXFileReference; lastKnownFileType = sourcecode.swift; path = AppDelegate.swift; sourceTree = "<group>"; };
		E2551DD1289A9B220064C0F7 /* lydia.app */ = {isa = PBXFileReference; explicitFileType = wrapper.application; includeInIndex = 0; path = lydia.app; sourceTree = BUILT_PRODUCTS_DIR; };
		E2551DD6289A9B220064C0F7 /* SceneDelegate.swift */ = {isa = PBXFileReference; lastKnownFileType = sourcecode.swift; path = SceneDelegate.swift; sourceTree = "<group>"; };
		E2551DD8289A9B220064C0F7 /* ViewController.swift */ = {isa = PBXFileReference; lastKnownFileType = sourcecode.swift; path = ViewController.swift; sourceTree = "<group>"; };
		E2551DDD289A9B220064C0F7 /* Assets.xcassets */ = {isa = PBXFileReference; lastKnownFileType = folder.assetcatalog; path = Assets.xcassets; sourceTree = "<group>"; };
		E2551DE0289A9B220064C0F7 /* Base */ = {isa = PBXFileReference; lastKnownFileType = file.storyboard; name = Base; path = Base.lproj/LaunchScreen.storyboard; sourceTree = "<group>"; };
		E2551DE2289A9B220064C0F7 /* Info.plist */ = {isa = PBXFileReference; lastKnownFileType = text.plist.xml; path = Info.plist; sourceTree = "<group>"; };
		E2551DE7289A9B220064C0F7 /* lydiaTests.xctest */ = {isa = PBXFileReference; explicitFileType = wrapper.cfbundle; includeInIndex = 0; path = lydiaTests.xctest; sourceTree = BUILT_PRODUCTS_DIR; };
		E2551DF1289A9B220064C0F7 /* lydiaUITests.xctest */ = {isa = PBXFileReference; explicitFileType = wrapper.cfbundle; includeInIndex = 0; path = lydiaUITests.xctest; sourceTree = BUILT_PRODUCTS_DIR; };
		E2551DF5289A9B230064C0F7 /* lydiaUITests.swift */ = {isa = PBXFileReference; lastKnownFileType = sourcecode.swift; path = lydiaUITests.swift; sourceTree = "<group>"; };
		E2551DF7289A9B230064C0F7 /* lydiaUITestsLaunchTests.swift */ = {isa = PBXFileReference; lastKnownFileType = sourcecode.swift; path = lydiaUITestsLaunchTests.swift; sourceTree = "<group>"; };
		E2551E09289A9C2C0064C0F7 /* User.swift */ = {isa = PBXFileReference; lastKnownFileType = sourcecode.swift; path = User.swift; sourceTree = "<group>"; };
		E2551E0B289A9C6D0064C0F7 /* Login.swift */ = {isa = PBXFileReference; lastKnownFileType = sourcecode.swift; path = Login.swift; sourceTree = "<group>"; };
		E2551E0D289A9D5B0064C0F7 /* Location.swift */ = {isa = PBXFileReference; lastKnownFileType = sourcecode.swift; path = Location.swift; sourceTree = "<group>"; };
		E2551E0F289A9D7C0064C0F7 /* Name.swift */ = {isa = PBXFileReference; lastKnownFileType = sourcecode.swift; path = Name.swift; sourceTree = "<group>"; };
		E2551E11289A9D9B0064C0F7 /* Picture.swift */ = {isa = PBXFileReference; lastKnownFileType = sourcecode.swift; path = Picture.swift; sourceTree = "<group>"; };
		E2551E13289A9DB80064C0F7 /* Dob.swift */ = {isa = PBXFileReference; lastKnownFileType = sourcecode.swift; path = Dob.swift; sourceTree = "<group>"; };
		E2551E15289A9DCF0064C0F7 /* Id.swift */ = {isa = PBXFileReference; lastKnownFileType = sourcecode.swift; path = Id.swift; sourceTree = "<group>"; };
		E2551E17289AA5810064C0F7 /* Contact.swift */ = {isa = PBXFileReference; lastKnownFileType = sourcecode.swift; path = Contact.swift; sourceTree = "<group>"; };
		E2551E19289BC5AD0064C0F7 /* NetworkError.swift */ = {isa = PBXFileReference; lastKnownFileType = sourcecode.swift; path = NetworkError.swift; sourceTree = "<group>"; };
		E2551E1C289BC8100064C0F7 /* NetworkRouter.swift */ = {isa = PBXFileReference; lastKnownFileType = sourcecode.swift; path = NetworkRouter.swift; sourceTree = "<group>"; };
		E2551E1E289BC8370064C0F7 /* UserServiceProvider.swift */ = {isa = PBXFileReference; lastKnownFileType = sourcecode.swift; path = UserServiceProvider.swift; sourceTree = "<group>"; };
		E2551E20289BC9200064C0F7 /* URLSessionServiceProvider.swift */ = {isa = PBXFileReference; lastKnownFileType = sourcecode.swift; path = URLSessionServiceProvider.swift; sourceTree = "<group>"; };
		E2551E22289BCB1D0064C0F7 /* ServiceProviderProtocols.swift */ = {isa = PBXFileReference; lastKnownFileType = sourcecode.swift; path = ServiceProviderProtocols.swift; sourceTree = "<group>"; };
		E2551E76289BD99D0064C0F7 /* UserRouter.swift */ = {isa = PBXFileReference; lastKnownFileType = sourcecode.swift; path = UserRouter.swift; sourceTree = "<group>"; };
		E27AF4F7289BFE1000CDAAF1 /* NetworkRouterTests.swift */ = {isa = PBXFileReference; lastKnownFileType = sourcecode.swift; path = NetworkRouterTests.swift; sourceTree = "<group>"; };
		E2E86F35289D578B00E28EFB /* ContactMapper.swift */ = {isa = PBXFileReference; lastKnownFileType = sourcecode.swift; path = ContactMapper.swift; sourceTree = "<group>"; };
/* End PBXFileReference section */

/* Begin PBXFrameworksBuildPhase section */
		E2551DCE289A9B220064C0F7 /* Frameworks */ = {
			isa = PBXFrameworksBuildPhase;
			buildActionMask = 2147483647;
			files = (
			);
			runOnlyForDeploymentPostprocessing = 0;
		};
		E2551DE4289A9B220064C0F7 /* Frameworks */ = {
			isa = PBXFrameworksBuildPhase;
			buildActionMask = 2147483647;
			files = (
			);
			runOnlyForDeploymentPostprocessing = 0;
		};
		E2551DEE289A9B220064C0F7 /* Frameworks */ = {
			isa = PBXFrameworksBuildPhase;
			buildActionMask = 2147483647;
			files = (
			);
			runOnlyForDeploymentPostprocessing = 0;
		};
/* End PBXFrameworksBuildPhase section */

/* Begin PBXGroup section */
		E2551DC8289A9B220064C0F7 = {
			isa = PBXGroup;
			children = (
				E2551DD3289A9B220064C0F7 /* lydia */,
				E2551DEA289A9B220064C0F7 /* lydiaTests */,
				E2551DF4289A9B230064C0F7 /* lydiaUITests */,
				E2551DD2289A9B220064C0F7 /* Products */,
			);
			sourceTree = "<group>";
		};
		E2551DD2289A9B220064C0F7 /* Products */ = {
			isa = PBXGroup;
			children = (
				E2551DD1289A9B220064C0F7 /* lydia.app */,
				E2551DE7289A9B220064C0F7 /* lydiaTests.xctest */,
				E2551DF1289A9B220064C0F7 /* lydiaUITests.xctest */,
			);
			name = Products;
			sourceTree = "<group>";
		};
		E2551DD3289A9B220064C0F7 /* lydia */ = {
			isa = PBXGroup;
			children = (
				E2551E05289A9B6B0064C0F7 /* Data */,
				E2551E06289A9B780064C0F7 /* Domain */,
				E2551E07289A9B800064C0F7 /* Presentation */,
				E2551E04289A9B570064C0F7 /* Resources */,
			);
			path = lydia;
			sourceTree = "<group>";
		};
		E2551DEA289A9B220064C0F7 /* lydiaTests */ = {
			isa = PBXGroup;
			children = (
				E27AF4F7289BFE1000CDAAF1 /* NetworkRouterTests.swift */,
			);
			path = lydiaTests;
			sourceTree = "<group>";
		};
		E2551DF4289A9B230064C0F7 /* lydiaUITests */ = {
			isa = PBXGroup;
			children = (
				E2551DF5289A9B230064C0F7 /* lydiaUITests.swift */,
				E2551DF7289A9B230064C0F7 /* lydiaUITestsLaunchTests.swift */,
			);
			path = lydiaUITests;
			sourceTree = "<group>";
		};
		E2551E04289A9B570064C0F7 /* Resources */ = {
			isa = PBXGroup;
			children = (
				E2551DD6289A9B220064C0F7 /* SceneDelegate.swift */,
				E2551DD8289A9B220064C0F7 /* ViewController.swift */,
				E2551DDD289A9B220064C0F7 /* Assets.xcassets */,
				E2551DDF289A9B220064C0F7 /* LaunchScreen.storyboard */,
				E2551DE2289A9B220064C0F7 /* Info.plist */,
				E23099FF289D657B00043D8D /* AppDelegate.swift */,
			);
			path = Resources;
			sourceTree = "<group>";
		};
		E2551E05289A9B6B0064C0F7 /* Data */ = {
			isa = PBXGroup;
			children = (
				E2551E19289BC5AD0064C0F7 /* NetworkError.swift */,
				E2551E1C289BC8100064C0F7 /* NetworkRouter.swift */,
				E2551E08289A9C210064C0F7 /* Model */,
				E2551E1B289BC77A0064C0F7 /* ServiceProvider */,
			);
			path = Data;
			sourceTree = "<group>";
		};
		E2551E06289A9B780064C0F7 /* Domain */ = {
			isa = PBXGroup;
			children = (
				E2551E17289AA5810064C0F7 /* Contact.swift */,
				E2E86F35289D578B00E28EFB /* ContactMapper.swift */,
			);
			path = Domain;
			sourceTree = "<group>";
		};
		E2551E07289A9B800064C0F7 /* Presentation */ = {
			isa = PBXGroup;
			children = (
			);
			path = Presentation;
			sourceTree = "<group>";
		};
		E2551E08289A9C210064C0F7 /* Model */ = {
			isa = PBXGroup;
			children = (
				E2551E13289A9DB80064C0F7 /* Dob.swift */,
				E2551E15289A9DCF0064C0F7 /* Id.swift */,
				E2551E0B289A9C6D0064C0F7 /* Login.swift */,
				E2551E0D289A9D5B0064C0F7 /* Location.swift */,
				E2551E0F289A9D7C0064C0F7 /* Name.swift */,
				E2551E11289A9D9B0064C0F7 /* Picture.swift */,
				E2551E09289A9C2C0064C0F7 /* User.swift */,
			);
			path = Model;
			sourceTree = "<group>";
		};
		E2551E1B289BC77A0064C0F7 /* ServiceProvider */ = {
			isa = PBXGroup;
			children = (
				E2551E22289BCB1D0064C0F7 /* ServiceProviderProtocols.swift */,
				E2551E20289BC9200064C0F7 /* URLSessionServiceProvider.swift */,
				E2E86F34289D56C800E28EFB /* User */,
			);
			path = ServiceProvider;
			sourceTree = "<group>";
		};
		E2E86F34289D56C800E28EFB /* User */ = {
			isa = PBXGroup;
			children = (
				E2551E76289BD99D0064C0F7 /* UserRouter.swift */,
				E2551E1E289BC8370064C0F7 /* UserServiceProvider.swift */,
			);
			path = User;
			sourceTree = "<group>";
		};
/* End PBXGroup section */

/* Begin PBXNativeTarget section */
		E2551DD0289A9B220064C0F7 /* lydia */ = {
			isa = PBXNativeTarget;
			buildConfigurationList = E2551DFB289A9B230064C0F7 /* Build configuration list for PBXNativeTarget "lydia" */;
			buildPhases = (
				E2551DCD289A9B220064C0F7 /* Sources */,
				E2551DCE289A9B220064C0F7 /* Frameworks */,
				E2551DCF289A9B220064C0F7 /* Resources */,
			);
			buildRules = (
			);
			dependencies = (
			);
			name = lydia;
			productName = lydia;
			productReference = E2551DD1289A9B220064C0F7 /* lydia.app */;
			productType = "com.apple.product-type.application";
		};
		E2551DE6289A9B220064C0F7 /* lydiaTests */ = {
			isa = PBXNativeTarget;
			buildConfigurationList = E2551DFE289A9B230064C0F7 /* Build configuration list for PBXNativeTarget "lydiaTests" */;
			buildPhases = (
				E2551DE3289A9B220064C0F7 /* Sources */,
				E2551DE4289A9B220064C0F7 /* Frameworks */,
				E2551DE5289A9B220064C0F7 /* Resources */,
			);
			buildRules = (
			);
			dependencies = (
				E2551DE9289A9B220064C0F7 /* PBXTargetDependency */,
			);
			name = lydiaTests;
			productName = lydiaTests;
			productReference = E2551DE7289A9B220064C0F7 /* lydiaTests.xctest */;
			productType = "com.apple.product-type.bundle.unit-test";
		};
		E2551DF0289A9B220064C0F7 /* lydiaUITests */ = {
			isa = PBXNativeTarget;
			buildConfigurationList = E2551E01289A9B230064C0F7 /* Build configuration list for PBXNativeTarget "lydiaUITests" */;
			buildPhases = (
				E2551DED289A9B220064C0F7 /* Sources */,
				E2551DEE289A9B220064C0F7 /* Frameworks */,
				E2551DEF289A9B220064C0F7 /* Resources */,
			);
			buildRules = (
			);
			dependencies = (
				E2551DF3289A9B230064C0F7 /* PBXTargetDependency */,
			);
			name = lydiaUITests;
			productName = lydiaUITests;
			productReference = E2551DF1289A9B220064C0F7 /* lydiaUITests.xctest */;
			productType = "com.apple.product-type.bundle.ui-testing";
		};
/* End PBXNativeTarget section */

/* Begin PBXProject section */
		E2551DC9289A9B220064C0F7 /* Project object */ = {
			isa = PBXProject;
			attributes = {
				BuildIndependentTargetsInParallel = 1;
				LastSwiftUpdateCheck = 1340;
				LastUpgradeCheck = 1340;
				TargetAttributes = {
					E2551DD0289A9B220064C0F7 = {
						CreatedOnToolsVersion = 13.4.1;
					};
					E2551DE6289A9B220064C0F7 = {
						CreatedOnToolsVersion = 13.4.1;
						TestTargetID = E2551DD0289A9B220064C0F7;
					};
					E2551DF0289A9B220064C0F7 = {
						CreatedOnToolsVersion = 13.4.1;
						TestTargetID = E2551DD0289A9B220064C0F7;
					};
				};
			};
			buildConfigurationList = E2551DCC289A9B220064C0F7 /* Build configuration list for PBXProject "lydia" */;
			compatibilityVersion = "Xcode 13.0";
			developmentRegion = en;
			hasScannedForEncodings = 0;
			knownRegions = (
				en,
				Base,
			);
			mainGroup = E2551DC8289A9B220064C0F7;
			productRefGroup = E2551DD2289A9B220064C0F7 /* Products */;
			projectDirPath = "";
			projectRoot = "";
			targets = (
				E2551DD0289A9B220064C0F7 /* lydia */,
				E2551DE6289A9B220064C0F7 /* lydiaTests */,
				E2551DF0289A9B220064C0F7 /* lydiaUITests */,
			);
		};
/* End PBXProject section */

/* Begin PBXResourcesBuildPhase section */
		E2551DCF289A9B220064C0F7 /* Resources */ = {
			isa = PBXResourcesBuildPhase;
			buildActionMask = 2147483647;
			files = (
				E2551DE1289A9B220064C0F7 /* LaunchScreen.storyboard in Resources */,
				E2551DDE289A9B220064C0F7 /* Assets.xcassets in Resources */,
			);
			runOnlyForDeploymentPostprocessing = 0;
		};
		E2551DE5289A9B220064C0F7 /* Resources */ = {
			isa = PBXResourcesBuildPhase;
			buildActionMask = 2147483647;
			files = (
			);
			runOnlyForDeploymentPostprocessing = 0;
		};
		E2551DEF289A9B220064C0F7 /* Resources */ = {
			isa = PBXResourcesBuildPhase;
			buildActionMask = 2147483647;
			files = (
			);
			runOnlyForDeploymentPostprocessing = 0;
		};
/* End PBXResourcesBuildPhase section */

/* Begin PBXSourcesBuildPhase section */
		E2551DCD289A9B220064C0F7 /* Sources */ = {
			isa = PBXSourcesBuildPhase;
			buildActionMask = 2147483647;
			files = (
				E2551E0A289A9C2C0064C0F7 /* User.swift in Sources */,
				E2551E21289BC9200064C0F7 /* URLSessionServiceProvider.swift in Sources */,
				E2551DD9289A9B220064C0F7 /* ViewController.swift in Sources */,
				E2551E1D289BC8100064C0F7 /* NetworkRouter.swift in Sources */,
				E2551E0C289A9C6D0064C0F7 /* Login.swift in Sources */,
				E2551E12289A9D9B0064C0F7 /* Picture.swift in Sources */,
				E2551E14289A9DB80064C0F7 /* Dob.swift in Sources */,
				E2551E18289AA5810064C0F7 /* Contact.swift in Sources */,
				E2309A00289D657B00043D8D /* AppDelegate.swift in Sources */,
				E2551E0E289A9D5B0064C0F7 /* Location.swift in Sources */,
				E2551E23289BCB1D0064C0F7 /* ServiceProviderProtocols.swift in Sources */,
				E2551E1F289BC8370064C0F7 /* UserServiceProvider.swift in Sources */,
				E2551E10289A9D7C0064C0F7 /* Name.swift in Sources */,
				E2551E1A289BC5AD0064C0F7 /* NetworkError.swift in Sources */,
				E2551E77289BD99D0064C0F7 /* UserRouter.swift in Sources */,
				E2551E16289A9DCF0064C0F7 /* Id.swift in Sources */,
				E2551DD7289A9B220064C0F7 /* SceneDelegate.swift in Sources */,
			);
			runOnlyForDeploymentPostprocessing = 0;
		};
		E2551DE3289A9B220064C0F7 /* Sources */ = {
			isa = PBXSourcesBuildPhase;
			buildActionMask = 2147483647;
			files = (
				E27AF4F8289BFE1000CDAAF1 /* NetworkRouterTests.swift in Sources */,
			);
			runOnlyForDeploymentPostprocessing = 0;
		};
		E2551DED289A9B220064C0F7 /* Sources */ = {
			isa = PBXSourcesBuildPhase;
			buildActionMask = 2147483647;
			files = (
				E2551DF8289A9B230064C0F7 /* lydiaUITestsLaunchTests.swift in Sources */,
				E2551DF6289A9B230064C0F7 /* lydiaUITests.swift in Sources */,
			);
			runOnlyForDeploymentPostprocessing = 0;
		};
/* End PBXSourcesBuildPhase section */

/* Begin PBXTargetDependency section */
		E2551DE9289A9B220064C0F7 /* PBXTargetDependency */ = {
			isa = PBXTargetDependency;
			target = E2551DD0289A9B220064C0F7 /* lydia */;
			targetProxy = E2551DE8289A9B220064C0F7 /* PBXContainerItemProxy */;
		};
		E2551DF3289A9B230064C0F7 /* PBXTargetDependency */ = {
			isa = PBXTargetDependency;
			target = E2551DD0289A9B220064C0F7 /* lydia */;
			targetProxy = E2551DF2289A9B230064C0F7 /* PBXContainerItemProxy */;
		};
/* End PBXTargetDependency section */

/* Begin PBXVariantGroup section */
		E2551DDF289A9B220064C0F7 /* LaunchScreen.storyboard */ = {
			isa = PBXVariantGroup;
			children = (
				E2551DE0289A9B220064C0F7 /* Base */,
			);
			name = LaunchScreen.storyboard;
			sourceTree = "<group>";
		};
/* End PBXVariantGroup section */

/* Begin XCBuildConfiguration section */
		E2551DF9289A9B230064C0F7 /* Debug */ = {
			isa = XCBuildConfiguration;
			buildSettings = {
				ALWAYS_SEARCH_USER_PATHS = NO;
				CLANG_ANALYZER_NONNULL = YES;
				CLANG_ANALYZER_NUMBER_OBJECT_CONVERSION = YES_AGGRESSIVE;
				CLANG_CXX_LANGUAGE_STANDARD = "gnu++17";
				CLANG_ENABLE_MODULES = YES;
				CLANG_ENABLE_OBJC_ARC = YES;
				CLANG_ENABLE_OBJC_WEAK = YES;
				CLANG_WARN_BLOCK_CAPTURE_AUTORELEASING = YES;
				CLANG_WARN_BOOL_CONVERSION = YES;
				CLANG_WARN_COMMA = YES;
				CLANG_WARN_CONSTANT_CONVERSION = YES;
				CLANG_WARN_DEPRECATED_OBJC_IMPLEMENTATIONS = YES;
				CLANG_WARN_DIRECT_OBJC_ISA_USAGE = YES_ERROR;
				CLANG_WARN_DOCUMENTATION_COMMENTS = YES;
				CLANG_WARN_EMPTY_BODY = YES;
				CLANG_WARN_ENUM_CONVERSION = YES;
				CLANG_WARN_INFINITE_RECURSION = YES;
				CLANG_WARN_INT_CONVERSION = YES;
				CLANG_WARN_NON_LITERAL_NULL_CONVERSION = YES;
				CLANG_WARN_OBJC_IMPLICIT_RETAIN_SELF = YES;
				CLANG_WARN_OBJC_LITERAL_CONVERSION = YES;
				CLANG_WARN_OBJC_ROOT_CLASS = YES_ERROR;
				CLANG_WARN_QUOTED_INCLUDE_IN_FRAMEWORK_HEADER = YES;
				CLANG_WARN_RANGE_LOOP_ANALYSIS = YES;
				CLANG_WARN_STRICT_PROTOTYPES = YES;
				CLANG_WARN_SUSPICIOUS_MOVE = YES;
				CLANG_WARN_UNGUARDED_AVAILABILITY = YES_AGGRESSIVE;
				CLANG_WARN_UNREACHABLE_CODE = YES;
				CLANG_WARN__DUPLICATE_METHOD_MATCH = YES;
				COPY_PHASE_STRIP = NO;
				DEBUG_INFORMATION_FORMAT = dwarf;
				ENABLE_STRICT_OBJC_MSGSEND = YES;
				ENABLE_TESTABILITY = YES;
				GCC_C_LANGUAGE_STANDARD = gnu11;
				GCC_DYNAMIC_NO_PIC = NO;
				GCC_NO_COMMON_BLOCKS = YES;
				GCC_OPTIMIZATION_LEVEL = 0;
				GCC_PREPROCESSOR_DEFINITIONS = (
					"DEBUG=1",
					"$(inherited)",
				);
				GCC_WARN_64_TO_32_BIT_CONVERSION = YES;
				GCC_WARN_ABOUT_RETURN_TYPE = YES_ERROR;
				GCC_WARN_UNDECLARED_SELECTOR = YES;
				GCC_WARN_UNINITIALIZED_AUTOS = YES_AGGRESSIVE;
				GCC_WARN_UNUSED_FUNCTION = YES;
				GCC_WARN_UNUSED_VARIABLE = YES;
				IPHONEOS_DEPLOYMENT_TARGET = 15.5;
				MTL_ENABLE_DEBUG_INFO = INCLUDE_SOURCE;
				MTL_FAST_MATH = YES;
				ONLY_ACTIVE_ARCH = YES;
				SDKROOT = iphoneos;
				SWIFT_ACTIVE_COMPILATION_CONDITIONS = DEBUG;
				SWIFT_OPTIMIZATION_LEVEL = "-Onone";
			};
			name = Debug;
		};
		E2551DFA289A9B230064C0F7 /* Release */ = {
			isa = XCBuildConfiguration;
			buildSettings = {
				ALWAYS_SEARCH_USER_PATHS = NO;
				CLANG_ANALYZER_NONNULL = YES;
				CLANG_ANALYZER_NUMBER_OBJECT_CONVERSION = YES_AGGRESSIVE;
				CLANG_CXX_LANGUAGE_STANDARD = "gnu++17";
				CLANG_ENABLE_MODULES = YES;
				CLANG_ENABLE_OBJC_ARC = YES;
				CLANG_ENABLE_OBJC_WEAK = YES;
				CLANG_WARN_BLOCK_CAPTURE_AUTORELEASING = YES;
				CLANG_WARN_BOOL_CONVERSION = YES;
				CLANG_WARN_COMMA = YES;
				CLANG_WARN_CONSTANT_CONVERSION = YES;
				CLANG_WARN_DEPRECATED_OBJC_IMPLEMENTATIONS = YES;
				CLANG_WARN_DIRECT_OBJC_ISA_USAGE = YES_ERROR;
				CLANG_WARN_DOCUMENTATION_COMMENTS = YES;
				CLANG_WARN_EMPTY_BODY = YES;
				CLANG_WARN_ENUM_CONVERSION = YES;
				CLANG_WARN_INFINITE_RECURSION = YES;
				CLANG_WARN_INT_CONVERSION = YES;
				CLANG_WARN_NON_LITERAL_NULL_CONVERSION = YES;
				CLANG_WARN_OBJC_IMPLICIT_RETAIN_SELF = YES;
				CLANG_WARN_OBJC_LITERAL_CONVERSION = YES;
				CLANG_WARN_OBJC_ROOT_CLASS = YES_ERROR;
				CLANG_WARN_QUOTED_INCLUDE_IN_FRAMEWORK_HEADER = YES;
				CLANG_WARN_RANGE_LOOP_ANALYSIS = YES;
				CLANG_WARN_STRICT_PROTOTYPES = YES;
				CLANG_WARN_SUSPICIOUS_MOVE = YES;
				CLANG_WARN_UNGUARDED_AVAILABILITY = YES_AGGRESSIVE;
				CLANG_WARN_UNREACHABLE_CODE = YES;
				CLANG_WARN__DUPLICATE_METHOD_MATCH = YES;
				COPY_PHASE_STRIP = NO;
				DEBUG_INFORMATION_FORMAT = "dwarf-with-dsym";
				ENABLE_NS_ASSERTIONS = NO;
				ENABLE_STRICT_OBJC_MSGSEND = YES;
				GCC_C_LANGUAGE_STANDARD = gnu11;
				GCC_NO_COMMON_BLOCKS = YES;
				GCC_WARN_64_TO_32_BIT_CONVERSION = YES;
				GCC_WARN_ABOUT_RETURN_TYPE = YES_ERROR;
				GCC_WARN_UNDECLARED_SELECTOR = YES;
				GCC_WARN_UNINITIALIZED_AUTOS = YES_AGGRESSIVE;
				GCC_WARN_UNUSED_FUNCTION = YES;
				GCC_WARN_UNUSED_VARIABLE = YES;
				IPHONEOS_DEPLOYMENT_TARGET = 15.5;
				MTL_ENABLE_DEBUG_INFO = NO;
				MTL_FAST_MATH = YES;
				SDKROOT = iphoneos;
				SWIFT_COMPILATION_MODE = wholemodule;
				SWIFT_OPTIMIZATION_LEVEL = "-O";
				VALIDATE_PRODUCT = YES;
			};
			name = Release;
		};
		E2551DFC289A9B230064C0F7 /* Debug */ = {
			isa = XCBuildConfiguration;
			buildSettings = {
				ASSETCATALOG_COMPILER_APPICON_NAME = AppIcon;
				ASSETCATALOG_COMPILER_GLOBAL_ACCENT_COLOR_NAME = AccentColor;
				CODE_SIGN_IDENTITY = "Apple Development";
				CODE_SIGN_STYLE = Automatic;
				CURRENT_PROJECT_VERSION = 1;
				DEVELOPMENT_TEAM = "";
				GENERATE_INFOPLIST_FILE = YES;
				INFOPLIST_FILE = lydia/Resources/Info.plist;
				INFOPLIST_KEY_UIApplicationSupportsIndirectInputEvents = YES;
				INFOPLIST_KEY_UILaunchStoryboardName = LaunchScreen;
				INFOPLIST_KEY_UISupportedInterfaceOrientations = UIInterfaceOrientationPortrait;
				INFOPLIST_KEY_UISupportedInterfaceOrientations_iPad = "UIInterfaceOrientationPortrait UIInterfaceOrientationPortraitUpsideDown UIInterfaceOrientationLandscapeLeft UIInterfaceOrientationLandscapeRight";
				INFOPLIST_KEY_UISupportedInterfaceOrientations_iPhone = "UIInterfaceOrientationPortrait UIInterfaceOrientationLandscapeLeft UIInterfaceOrientationLandscapeRight";
				IPHONEOS_DEPLOYMENT_TARGET = 13.0;
				LD_RUNPATH_SEARCH_PATHS = (
					"$(inherited)",
					"@executable_path/Frameworks",
				);
				MARKETING_VERSION = 1.0;
				PRODUCT_BUNDLE_IDENTIFIER = com.npagesy.lydia;
				PRODUCT_NAME = "$(TARGET_NAME)";
				PROVISIONING_PROFILE_SPECIFIER = "";
				SWIFT_EMIT_LOC_STRINGS = YES;
				SWIFT_VERSION = 5.0;
				TARGETED_DEVICE_FAMILY = 1;
			};
			name = Debug;
		};
		E2551DFD289A9B230064C0F7 /* Release */ = {
			isa = XCBuildConfiguration;
			buildSettings = {
				ASSETCATALOG_COMPILER_APPICON_NAME = AppIcon;
				ASSETCATALOG_COMPILER_GLOBAL_ACCENT_COLOR_NAME = AccentColor;
				CODE_SIGN_IDENTITY = "Apple Development";
				CODE_SIGN_STYLE = Automatic;
				CURRENT_PROJECT_VERSION = 1;
				DEVELOPMENT_TEAM = "";
				GENERATE_INFOPLIST_FILE = YES;
				INFOPLIST_FILE = lydia/Resources/Info.plist;
				INFOPLIST_KEY_UIApplicationSupportsIndirectInputEvents = YES;
				INFOPLIST_KEY_UILaunchStoryboardName = LaunchScreen;
				INFOPLIST_KEY_UISupportedInterfaceOrientations = UIInterfaceOrientationPortrait;
				INFOPLIST_KEY_UISupportedInterfaceOrientations_iPad = "UIInterfaceOrientationPortrait UIInterfaceOrientationPortraitUpsideDown UIInterfaceOrientationLandscapeLeft UIInterfaceOrientationLandscapeRight";
				INFOPLIST_KEY_UISupportedInterfaceOrientations_iPhone = "UIInterfaceOrientationPortrait UIInterfaceOrientationLandscapeLeft UIInterfaceOrientationLandscapeRight";
				IPHONEOS_DEPLOYMENT_TARGET = 13.0;
				LD_RUNPATH_SEARCH_PATHS = (
					"$(inherited)",
					"@executable_path/Frameworks",
				);
				MARKETING_VERSION = 1.0;
				PRODUCT_BUNDLE_IDENTIFIER = com.npagesy.lydia;
				PRODUCT_NAME = "$(TARGET_NAME)";
				PROVISIONING_PROFILE_SPECIFIER = "";
				SWIFT_EMIT_LOC_STRINGS = YES;
				SWIFT_VERSION = 5.0;
				TARGETED_DEVICE_FAMILY = 1;
			};
			name = Release;
		};
		E2551DFF289A9B230064C0F7 /* Debug */ = {
			isa = XCBuildConfiguration;
			buildSettings = {
				ALWAYS_EMBED_SWIFT_STANDARD_LIBRARIES = YES;
				BUNDLE_LOADER = "$(TEST_HOST)";
				CODE_SIGN_STYLE = Automatic;
				CURRENT_PROJECT_VERSION = 1;
				GENERATE_INFOPLIST_FILE = YES;
				IPHONEOS_DEPLOYMENT_TARGET = 15.5;
				MARKETING_VERSION = 1.0;
				PRODUCT_BUNDLE_IDENTIFIER = com.npagesy.lydiaTests;
				PRODUCT_NAME = "$(TARGET_NAME)";
				SWIFT_EMIT_LOC_STRINGS = NO;
				SWIFT_VERSION = 5.0;
				TARGETED_DEVICE_FAMILY = "1,2";
				TEST_HOST = "$(BUILT_PRODUCTS_DIR)/lydia.app/lydia";
			};
			name = Debug;
		};
		E2551E00289A9B230064C0F7 /* Release */ = {
			isa = XCBuildConfiguration;
			buildSettings = {
				ALWAYS_EMBED_SWIFT_STANDARD_LIBRARIES = YES;
				BUNDLE_LOADER = "$(TEST_HOST)";
				CODE_SIGN_STYLE = Automatic;
				CURRENT_PROJECT_VERSION = 1;
				GENERATE_INFOPLIST_FILE = YES;
				IPHONEOS_DEPLOYMENT_TARGET = 15.5;
				MARKETING_VERSION = 1.0;
				PRODUCT_BUNDLE_IDENTIFIER = com.npagesy.lydiaTests;
				PRODUCT_NAME = "$(TARGET_NAME)";
				SWIFT_EMIT_LOC_STRINGS = NO;
				SWIFT_VERSION = 5.0;
				TARGETED_DEVICE_FAMILY = "1,2";
				TEST_HOST = "$(BUILT_PRODUCTS_DIR)/lydia.app/lydia";
			};
			name = Release;
		};
		E2551E02289A9B230064C0F7 /* Debug */ = {
			isa = XCBuildConfiguration;
			buildSettings = {
				ALWAYS_EMBED_SWIFT_STANDARD_LIBRARIES = YES;
				CODE_SIGN_STYLE = Automatic;
				CURRENT_PROJECT_VERSION = 1;
				GENERATE_INFOPLIST_FILE = YES;
				MARKETING_VERSION = 1.0;
				PRODUCT_BUNDLE_IDENTIFIER = com.npagesy.lydiaUITests;
				PRODUCT_NAME = "$(TARGET_NAME)";
				SWIFT_EMIT_LOC_STRINGS = NO;
				SWIFT_VERSION = 5.0;
				TARGETED_DEVICE_FAMILY = "1,2";
				TEST_TARGET_NAME = lydia;
			};
			name = Debug;
		};
		E2551E03289A9B230064C0F7 /* Release */ = {
			isa = XCBuildConfiguration;
			buildSettings = {
				ALWAYS_EMBED_SWIFT_STANDARD_LIBRARIES = YES;
				CODE_SIGN_STYLE = Automatic;
				CURRENT_PROJECT_VERSION = 1;
				GENERATE_INFOPLIST_FILE = YES;
				MARKETING_VERSION = 1.0;
				PRODUCT_BUNDLE_IDENTIFIER = com.npagesy.lydiaUITests;
				PRODUCT_NAME = "$(TARGET_NAME)";
				SWIFT_EMIT_LOC_STRINGS = NO;
				SWIFT_VERSION = 5.0;
				TARGETED_DEVICE_FAMILY = "1,2";
				TEST_TARGET_NAME = lydia;
			};
			name = Release;
		};
/* End XCBuildConfiguration section */

/* Begin XCConfigurationList section */
		E2551DCC289A9B220064C0F7 /* Build configuration list for PBXProject "lydia" */ = {
			isa = XCConfigurationList;
			buildConfigurations = (
				E2551DF9289A9B230064C0F7 /* Debug */,
				E2551DFA289A9B230064C0F7 /* Release */,
			);
			defaultConfigurationIsVisible = 0;
			defaultConfigurationName = Release;
		};
		E2551DFB289A9B230064C0F7 /* Build configuration list for PBXNativeTarget "lydia" */ = {
			isa = XCConfigurationList;
			buildConfigurations = (
				E2551DFC289A9B230064C0F7 /* Debug */,
				E2551DFD289A9B230064C0F7 /* Release */,
			);
			defaultConfigurationIsVisible = 0;
			defaultConfigurationName = Release;
		};
		E2551DFE289A9B230064C0F7 /* Build configuration list for PBXNativeTarget "lydiaTests" */ = {
			isa = XCConfigurationList;
			buildConfigurations = (
				E2551DFF289A9B230064C0F7 /* Debug */,
				E2551E00289A9B230064C0F7 /* Release */,
			);
			defaultConfigurationIsVisible = 0;
			defaultConfigurationName = Release;
		};
		E2551E01289A9B230064C0F7 /* Build configuration list for PBXNativeTarget "lydiaUITests" */ = {
			isa = XCConfigurationList;
			buildConfigurations = (
				E2551E02289A9B230064C0F7 /* Debug */,
				E2551E03289A9B230064C0F7 /* Release */,
			);
			defaultConfigurationIsVisible = 0;
			defaultConfigurationName = Release;
		};
/* End XCConfigurationList section */
	};
	rootObject = E2551DC9289A9B220064C0F7 /* Project object */;
}
